
Microsoft Visual Studio Solution File, Format Version 12.00
# Visual Studio Version 16
VisualStudioVersion = 16.0.30406.217
MinimumVisualStudioVersion = 10.0.40219.1
Project("{8BC9CEB8-8B4A-11D0-8D11-00A0C91BC942}") = "SM9_sign-pul", "SM9_sign-pul.vcxproj", "{2ABFFA4B-6E1D-4902-BCB7-BBF619D51257}"
EndProject
Global
	GlobalSection(SolutionConfigurationPlatforms) = preSolution
		Debug|x64 = Debug|x64
		Debug|x86 = Debug|x86
		Release|x64 = Release|x64
		Release|x86 = Release|x86
	EndGlobalSection
	GlobalSection(ProjectConfigurationPlatforms) = postSolution
		{2ABFFA4B-6E1D-4902-BCB7-BBF619D51257}.Debug|x64.ActiveCfg = Debug|x64
		{2ABFFA4B-6E1D-4902-BCB7-BBF619D51257}.Debug|x64.Build.0 = Debug|x64
		{2ABFFA4B-6E1D-4902-BCB7-BBF619D51257}.Debug|x86.ActiveCfg = Debug|Win32
		{2ABFFA4B-6E1D-4902-BCB7-BBF619D51257}.Debug|x86.Build.0 = Debug|Win32
		{2ABFFA4B-6E1D-4902-BCB7-BBF619D51257}.Release|x64.ActiveCfg = Release|x64
		{2ABFFA4B-6E1D-4902-BCB7-BBF619D51257}.Release|x64.Build.0 = Release|x64
		{2ABFFA4B-6E1D-4902-BCB7-BBF619D51257}.Release|x86.ActiveCfg = Release|Win32
		{2ABFFA4B-6E1D-4902-BCB7-BBF619D51257}.Release|x86.Build.0 = Release|Win32
	EndGlobalSection
	GlobalSection(SolutionProperties) = preSolution
		HideSolutionNode = FALSE
	EndGlobalSection
	GlobalSection(ExtensibilityGlobals) = postSolution
		SolutionGuid = {0D3DF43F-E80F-4F1E-849A-7F554CA42EE9}
	EndGlobalSection
EndGlobal
